{
  "name": "testing-repo",
  "version": "1.0.0",
  "lockfileVersion": 3,
  "requires": true,
  "packages": {
    "": {
      "name": "testing-repo",
      "version": "1.0.0",
      "license": "ISC",
      "dependencies": {
        "node-qpdf": "^1.0.3",
        "openmct": "^3.0.2"
      }
    },
    "node_modules/node-qpdf": {
      "version": "1.0.3",
      "resolved": "https://registry.npmjs.org/node-qpdf/-/node-qpdf-1.0.3.tgz",
      "integrity": "sha512-M1Y5+7Ycm93Uwd7MhLUVTzRUTgHGiPiqjdYqNYoma9WGuiVvzwQ8EeyBKKwVbu3fK83lDxUBf+GX8G0S9Nx8ew=="
    },
    "node_modules/openmct": {
      "version": "3.0.2",
      "resolved": "https://registry.npmjs.org/openmct/-/openmct-3.0.2.tgz",
      "integrity": "sha512-gKCV0aLXGSyF4bJGPmQnR9I580KpsS6m8DaW3cSvdKGYNyd5d71CgjjXGU7MRe/c7dObXZo/J92WPT4OIerPKw==",
      "engines": {
        "node": ">=16.19.1 <20"
      }
    }
  }
}
